{
    "_meta": {
        "hash": {
            "sha256": "99c4b9ec1b8891ff787677276760beb6d6d4919c55660da1c713682156a6086c"
        },
        "pipfile-spec": 6,
        "requires": {
            "python_version": "3.8"
        },
        "sources": [
            {
                "name": "pypi",
                "url": "https://pypi.org/simple",
                "verify_ssl": true
            }
        ]
    },
    "default": {},
    "develop": {}
}
